Microsoft Visual Studio Solution File, Format Version 10.00
# Visual Studio 2008
Project("{8BC9CEB8-8B4A-11D0-8D11-00A0C91BC942}") = "engine", "engine\engine.vcproj", "{AAD2642D-D07A-4415-BB32-D678D89D546F}"
EndProject
Project("{8BC9CEB8-8B4A-11D0-8D11-00A0C91BC942}") = "FileZilla", "interface\interface.vcproj", "{760BA430-BB7F-44AB-9542-F8705CAFF92B}"
	ProjectSection(ProjectDependencies) = postProject
		{AAD2642D-D07A-4415-BB32-D678D89D546F} = {AAD2642D-D07A-4415-BB32-D678D89D546F}
		{593A4FB1-1787-4192-BF73-9C43BF8FC142} = {593A4FB1-1787-4192-BF73-9C43BF8FC142}
	EndProjectSection
EndProject
Project("{8BC9CEB8-8B4A-11D0-8D11-00A0C91BC942}") = "tinyxml", "tinyxml\tinyxml.vcproj", "{593A4FB1-1787-4192-BF73-9C43BF8FC142}"
EndProject
Global
	GlobalSection(SolutionConfigurationPlatforms) = preSolution
		Debug Unicode|Win32 = Debug Unicode|Win32
		Release Unicode|Win32 = Release Unicode|Win32
	EndGlobalSection
	GlobalSection(ProjectConfigurationPlatforms) = postSolution
		{AAD2642D-D07A-4415-BB32-D678D89D546F}.Debug Unicode|Win32.ActiveCfg = Debug Unicode|Win32
		{AAD2642D-D07A-4415-BB32-D678D89D546F}.Debug Unicode|Win32.Build.0 = Debug Unicode|Win32
		{AAD2642D-D07A-4415-BB32-D678D89D546F}.Release Unicode|Win32.ActiveCfg = Release Unicode|Win32
		{AAD2642D-D07A-4415-BB32-D678D89D546F}.Release Unicode|Win32.Build.0 = Release Unicode|Win32
		{760BA430-BB7F-44AB-9542-F8705CAFF92B}.Debug Unicode|Win32.ActiveCfg = Debug Unicode|Win32
		{760BA430-BB7F-44AB-9542-F8705CAFF92B}.Debug Unicode|Win32.Build.0 = Debug Unicode|Win32
		{760BA430-BB7F-44AB-9542-F8705CAFF92B}.Release Unicode|Win32.ActiveCfg = Release Unicode|Win32
		{760BA430-BB7F-44AB-9542-F8705CAFF92B}.Release Unicode|Win32.Build.0 = Release Unicode|Win32
		{593A4FB1-1787-4192-BF73-9C43BF8FC142}.Debug Unicode|Win32.ActiveCfg = Debug Unicode|Win32
		{593A4FB1-1787-4192-BF73-9C43BF8FC142}.Debug Unicode|Win32.Build.0 = Debug Unicode|Win32
		{593A4FB1-1787-4192-BF73-9C43BF8FC142}.Release Unicode|Win32.ActiveCfg = Release Unicode|Win32
		{593A4FB1-1787-4192-BF73-9C43BF8FC142}.Release Unicode|Win32.Build.0 = Release Unicode|Win32
	EndGlobalSection
	GlobalSection(SolutionProperties) = preSolution
		HideSolutionNode = FALSE
	EndGlobalSection
EndGlobal
