Microsoft Visual Studio Solution File, Format Version 8.00
Project("{8BC9CEB8-8B4A-11D0-8D11-00A0C91BC942}") = "FileZilla", "interface\interface.vcproj", "{277E97C8-17C4-47EE-87FC-84BB58C61D36}"
	ProjectSection(ProjectDependencies) = postProject
	EndProjectSection
EndProject
Project("{8BC9CEB8-8B4A-11D0-8D11-00A0C91BC942}") = "engine", "engine\engine.vcproj", "{AAD2642D-D07A-4415-BB32-D678D89D546F}"
	ProjectSection(ProjectDependencies) = postProject
	EndProjectSection
EndProject
Global
	GlobalSection(SolutionConfiguration) = preSolution
		Debug = Debug
		Release = Release
	EndGlobalSection
	GlobalSection(ProjectConfiguration) = postSolution
		{277E97C8-17C4-47EE-87FC-84BB58C61D36}.Debug.ActiveCfg = Debug|Win32
		{277E97C8-17C4-47EE-87FC-84BB58C61D36}.Debug.Build.0 = Debug|Win32
		{277E97C8-17C4-47EE-87FC-84BB58C61D36}.Release.ActiveCfg = Release|Win32
		{277E97C8-17C4-47EE-87FC-84BB58C61D36}.Release.Build.0 = Release|Win32
		{AAD2642D-D07A-4415-BB32-D678D89D546F}.Debug.ActiveCfg = Debug|Win32
		{AAD2642D-D07A-4415-BB32-D678D89D546F}.Debug.Build.0 = Debug|Win32
		{AAD2642D-D07A-4415-BB32-D678D89D546F}.Release.ActiveCfg = Release|Win32
		{AAD2642D-D07A-4415-BB32-D678D89D546F}.Release.Build.0 = Release|Win32
	EndGlobalSection
	GlobalSection(SolutionItems) = postSolution
	EndGlobalSection
	GlobalSection(ExtensibilityGlobals) = postSolution
	EndGlobalSection
	GlobalSection(ExtensibilityAddIns) = postSolution
	EndGlobalSection
EndGlobal
